
Microsoft Visual Studio Solution File, Format Version 12.00
# Visual Studio Version 17
VisualStudioVersion = 17.0.31903.59
MinimumVisualStudioVersion = 10.0.40219.1
Project("{9A19103F-16F7-4668-BE54-9A1E7A4F7556}") = "DynamoSldWorks", "DynamoSldWorks\DynamoSldWorks.csproj", "{A8E8D07A-A567-4716-A540-56623644545A}"
EndProject
Project("{9A19103F-16F7-4668-BE54-9A1E7A4F7556}") = "Installer", "Installer\Installer.csproj", "{F2FD1C56-F539-402F-86CD-D08ED53EB105}"
EndProject
Project("{9A19103F-16F7-4668-BE54-9A1E7A4F7556}") = "SldWorksService", "SldWorksService\SldWorksService.csproj", "{F6FB5ACD-B3C3-4186-ACFA-8A6502E1F26D}"
EndProject
Project("{FAE04EC0-301F-11D3-BF4B-00C04F79EFBC}") = "SldWorksNodes", "SldWorksNodes\SldWorksNodes.csproj", "{4CA70DA0-75B9-4345-8D3E-2945F54577F0}"
EndProject
Project("{FAE04EC0-301F-11D3-BF4B-00C04F79EFBC}") = "SldWorksNodesUI", "SldWorksNodesUI\SldWorksNodesUI.csproj", "{766E4647-4FF5-499C-9560-2E25961E6BC3}"
EndProject
Project("{9A19103F-16F7-4668-BE54-9A1E7A4F7556}") = "_build", "build\_build.csproj", "{96F2E7FD-2430-4C8B-9ACB-5B5DCEF08542}"
EndProject
Project("{FAE04EC0-301F-11D3-BF4B-00C04F79EFBC}") = "SldWorksNodesTests", "SldWorksNodesTests\SldWorksNodesTests.csproj", "{40F80962-6428-46A3-809F-95972BD734E3}"
EndProject
Global
	GlobalSection(SolutionConfigurationPlatforms) = preSolution
		Debug|Any CPU = Debug|Any CPU
		Release|Any CPU = Release|Any CPU
	EndGlobalSection
	GlobalSection(ProjectConfigurationPlatforms) = postSolution
		{A8E8D07A-A567-4716-A540-56623644545A}.Debug|Any CPU.ActiveCfg = Debug|Any CPU
		{A8E8D07A-A567-4716-A540-56623644545A}.Debug|Any CPU.Build.0 = Debug|Any CPU
		{A8E8D07A-A567-4716-A540-56623644545A}.Release|Any CPU.ActiveCfg = Release|Any CPU
		{A8E8D07A-A567-4716-A540-56623644545A}.Release|Any CPU.Build.0 = Release|Any CPU
		{F2FD1C56-F539-402F-86CD-D08ED53EB105}.Debug|Any CPU.ActiveCfg = Debug|Any CPU
		{F2FD1C56-F539-402F-86CD-D08ED53EB105}.Debug|Any CPU.Build.0 = Debug|Any CPU
		{F2FD1C56-F539-402F-86CD-D08ED53EB105}.Release|Any CPU.ActiveCfg = Release|Any CPU
		{F2FD1C56-F539-402F-86CD-D08ED53EB105}.Release|Any CPU.Build.0 = Release|Any CPU
		{F6FB5ACD-B3C3-4186-ACFA-8A6502E1F26D}.Debug|Any CPU.ActiveCfg = Debug|Any CPU
		{F6FB5ACD-B3C3-4186-ACFA-8A6502E1F26D}.Debug|Any CPU.Build.0 = Debug|Any CPU
		{F6FB5ACD-B3C3-4186-ACFA-8A6502E1F26D}.Release|Any CPU.ActiveCfg = Release|Any CPU
		{F6FB5ACD-B3C3-4186-ACFA-8A6502E1F26D}.Release|Any CPU.Build.0 = Release|Any CPU
		{4CA70DA0-75B9-4345-8D3E-2945F54577F0}.Debug|Any CPU.ActiveCfg = Debug|Any CPU
		{4CA70DA0-75B9-4345-8D3E-2945F54577F0}.Debug|Any CPU.Build.0 = Debug|Any CPU
		{4CA70DA0-75B9-4345-8D3E-2945F54577F0}.Release|Any CPU.ActiveCfg = Release|Any CPU
		{4CA70DA0-75B9-4345-8D3E-2945F54577F0}.Release|Any CPU.Build.0 = Release|Any CPU
		{766E4647-4FF5-499C-9560-2E25961E6BC3}.Debug|Any CPU.ActiveCfg = Debug|Any CPU
		{766E4647-4FF5-499C-9560-2E25961E6BC3}.Debug|Any CPU.Build.0 = Debug|Any CPU
		{766E4647-4FF5-499C-9560-2E25961E6BC3}.Release|Any CPU.ActiveCfg = Release|Any CPU
		{766E4647-4FF5-499C-9560-2E25961E6BC3}.Release|Any CPU.Build.0 = Release|Any CPU
		{96F2E7FD-2430-4C8B-9ACB-5B5DCEF08542}.Debug|Any CPU.ActiveCfg = Debug|Any CPU
		{96F2E7FD-2430-4C8B-9ACB-5B5DCEF08542}.Release|Any CPU.ActiveCfg = Release|Any CPU
		{40F80962-6428-46A3-809F-95972BD734E3}.Debug|Any CPU.ActiveCfg = Debug|Any CPU
		{40F80962-6428-46A3-809F-95972BD734E3}.Debug|Any CPU.Build.0 = Debug|Any CPU
		{40F80962-6428-46A3-809F-95972BD734E3}.Release|Any CPU.ActiveCfg = Release|Any CPU
		{40F80962-6428-46A3-809F-95972BD734E3}.Release|Any CPU.Build.0 = Release|Any CPU
	EndGlobalSection
	GlobalSection(SolutionProperties) = preSolution
		HideSolutionNode = FALSE
	EndGlobalSection
	GlobalSection(ExtensibilityGlobals) = postSolution
		SolutionGuid = {718AD057-FB95-42BA-999A-1A1DB389FBDC}
	EndGlobalSection
EndGlobal
