
Microsoft Visual Studio Solution File, Format Version 12.00
# Visual Studio Version 16
VisualStudioVersion = 16.0.29613.14
MinimumVisualStudioVersion = 10.0.40219.1
Project("{FAE04EC0-301F-11D3-BF4B-00C04F79EFBC}") = "Du.DynamoSolidWorks", "Du.DynamoSolidWorks\Du.DynamoSolidWorks.csproj", "{1C9D7A00-8D06-4B41-AF29-137988325884}"
EndProject
Project("{FAE04EC0-301F-11D3-BF4B-00C04F79EFBC}") = "Du.SolidWorks", "Du.SolidWorks\Du.SolidWorks.csproj", "{6A5A744B-001D-4358-8F15-8749F74ECE22}"
EndProject
Project("{FAE04EC0-301F-11D3-BF4B-00C04F79EFBC}") = "Du.SwAddinBase", "Du.SwAddinBase\Du.SwAddinBase.csproj", "{84759850-CB8E-4BCF-B867-28CD5F158A59}"
EndProject
Project("{2150E333-8FDC-42A3-9474-1A3956D46DE8}") = "Infrastructure", "Infrastructure", "{484168E7-331B-4FC6-AC8B-082B0EBAA3EE}"
EndProject
Project("{FAE04EC0-301F-11D3-BF4B-00C04F79EFBC}") = "Du.DynamoSolidWorks.Nodes", "Du.DynamoSolidWorks.Nodes\Du.DynamoSolidWorks.Nodes.csproj", "{9FE8A601-7B46-46A4-AC20-86CCD60AB578}"
EndProject
Project("{FAE04EC0-301F-11D3-BF4B-00C04F79EFBC}") = "Du.DynamoWPF", "Du.DynamoWPF\Du.DynamoWPF.csproj", "{F2BBE2C8-D37E-4ADB-873E-4F4F5FF68C0C}"
EndProject
Project("{FAE04EC0-301F-11D3-BF4B-00C04F79EFBC}") = "Du.SolidWorksInterfaceGenerator", "Du.SolidWorksInterfaceGenerator\Du.SolidWorksInterfaceGenerator.csproj", "{B453DFFB-4140-41E4-B666-EE85975A5EE7}"
EndProject
Global
	GlobalSection(SolutionConfigurationPlatforms) = preSolution
		Debug|Any CPU = Debug|Any CPU
		Release|Any CPU = Release|Any CPU
	EndGlobalSection
	GlobalSection(ProjectConfigurationPlatforms) = postSolution
		{1C9D7A00-8D06-4B41-AF29-137988325884}.Debug|Any CPU.ActiveCfg = Debug|Any CPU
		{1C9D7A00-8D06-4B41-AF29-137988325884}.Debug|Any CPU.Build.0 = Debug|Any CPU
		{1C9D7A00-8D06-4B41-AF29-137988325884}.Release|Any CPU.ActiveCfg = Release|Any CPU
		{1C9D7A00-8D06-4B41-AF29-137988325884}.Release|Any CPU.Build.0 = Release|Any CPU
		{6A5A744B-001D-4358-8F15-8749F74ECE22}.Debug|Any CPU.ActiveCfg = Debug|Any CPU
		{6A5A744B-001D-4358-8F15-8749F74ECE22}.Debug|Any CPU.Build.0 = Debug|Any CPU
		{6A5A744B-001D-4358-8F15-8749F74ECE22}.Release|Any CPU.ActiveCfg = Release|Any CPU
		{6A5A744B-001D-4358-8F15-8749F74ECE22}.Release|Any CPU.Build.0 = Release|Any CPU
		{84759850-CB8E-4BCF-B867-28CD5F158A59}.Debug|Any CPU.ActiveCfg = Debug|Any CPU
		{84759850-CB8E-4BCF-B867-28CD5F158A59}.Debug|Any CPU.Build.0 = Debug|Any CPU
		{84759850-CB8E-4BCF-B867-28CD5F158A59}.Release|Any CPU.ActiveCfg = Release|Any CPU
		{84759850-CB8E-4BCF-B867-28CD5F158A59}.Release|Any CPU.Build.0 = Release|Any CPU
		{9FE8A601-7B46-46A4-AC20-86CCD60AB578}.Debug|Any CPU.ActiveCfg = Debug|Any CPU
		{9FE8A601-7B46-46A4-AC20-86CCD60AB578}.Debug|Any CPU.Build.0 = Debug|Any CPU
		{9FE8A601-7B46-46A4-AC20-86CCD60AB578}.Release|Any CPU.ActiveCfg = Release|Any CPU
		{9FE8A601-7B46-46A4-AC20-86CCD60AB578}.Release|Any CPU.Build.0 = Release|Any CPU
		{F2BBE2C8-D37E-4ADB-873E-4F4F5FF68C0C}.Debug|Any CPU.ActiveCfg = Debug|Any CPU
		{F2BBE2C8-D37E-4ADB-873E-4F4F5FF68C0C}.Debug|Any CPU.Build.0 = Debug|Any CPU
		{F2BBE2C8-D37E-4ADB-873E-4F4F5FF68C0C}.Release|Any CPU.ActiveCfg = Release|Any CPU
		{F2BBE2C8-D37E-4ADB-873E-4F4F5FF68C0C}.Release|Any CPU.Build.0 = Release|Any CPU
		{B453DFFB-4140-41E4-B666-EE85975A5EE7}.Debug|Any CPU.ActiveCfg = Debug|Any CPU
		{B453DFFB-4140-41E4-B666-EE85975A5EE7}.Debug|Any CPU.Build.0 = Debug|Any CPU
		{B453DFFB-4140-41E4-B666-EE85975A5EE7}.Release|Any CPU.ActiveCfg = Release|Any CPU
		{B453DFFB-4140-41E4-B666-EE85975A5EE7}.Release|Any CPU.Build.0 = Release|Any CPU
	EndGlobalSection
	GlobalSection(SolutionProperties) = preSolution
		HideSolutionNode = FALSE
	EndGlobalSection
	GlobalSection(NestedProjects) = preSolution
		{6A5A744B-001D-4358-8F15-8749F74ECE22} = {484168E7-331B-4FC6-AC8B-082B0EBAA3EE}
		{84759850-CB8E-4BCF-B867-28CD5F158A59} = {484168E7-331B-4FC6-AC8B-082B0EBAA3EE}
	EndGlobalSection
	GlobalSection(ExtensibilityGlobals) = postSolution
		SolutionGuid = {3750ABF0-3830-4644-89CB-08841757DA23}
	EndGlobalSection
EndGlobal
